
Microsoft Visual Studio Solution File, Format Version 12.00
# Visual Studio Version 16
VisualStudioVersion = 16.0.30907.101
MinimumVisualStudioVersion = 10.0.40219.1
Project("{FAE04EC0-301F-11D3-BF4B-00C04F79EFBC}") = "AppCurso", "AppCurso\AppCurso.csproj", "{5016973F-911B-4805-A209-DEDEFE7B76B3}"
EndProject
Global
	GlobalSection(SolutionConfigurationPlatforms) = preSolution
		Debug|Any CPU = Debug|Any CPU
		Release|Any CPU = Release|Any CPU
	EndGlobalSection
	GlobalSection(ProjectConfigurationPlatforms) = postSolution
		{5016973F-911B-4805-A209-DEDEFE7B76B3}.Debug|Any CPU.ActiveCfg = Debug|Any CPU
		{5016973F-911B-4805-A209-DEDEFE7B76B3}.Debug|Any CPU.Build.0 = Debug|Any CPU
		{5016973F-911B-4805-A209-DEDEFE7B76B3}.Release|Any CPU.ActiveCfg = Release|Any CPU
		{5016973F-911B-4805-A209-DEDEFE7B76B3}.Release|Any CPU.Build.0 = Release|Any CPU
	EndGlobalSection
	GlobalSection(SolutionProperties) = preSolution
		HideSolutionNode = FALSE
	EndGlobalSection
	GlobalSection(ExtensibilityGlobals) = postSolution
		SolutionGuid = {4E1B3CBD-D5A3-4814-BFDF-6444B81F243A}
	EndGlobalSection
EndGlobal
